<?xml version="1.0" encoding="utf-8"?>
<Project ToolsVersion="4.0" xmlns="http://schemas.microsoft.com/developer/msbuild/2003">
  <ItemGroup>
    <Filter Include="Source Files">
      <UniqueIdentifier>{4FC737F1-C7A5-4376-A066-2A32D752A2FF}</UniqueIdentifier>
      <Extensions>cpp;c;cc;cxx;c++;cppm;ixx;def;odl;idl;hpj;bat;asm;asmx</Extensions>
    </Filter>
    <Filter Include="Header Files">
      <UniqueIdentifier>{93995380-89BD-4b04-88EB-625FBE52EBFB}</UniqueIdentifier>
      <Extensions>h;hh;hpp;hxx;h++;hm;inl;inc;ipp;xsd</Extensions>
    </Filter>
    <Filter Include="Resource Files">
      <UniqueIdentifier>{67DA6AB6-F800-4c08-8B7A-83BB121AAD01}</UniqueIdentifier>
      <Extensions>rc;ico;cur;bmp;dlg;rc2;rct;bin;rgs;gif;jpg;jpeg;jpe;resx;tiff;tif;png;wav;mfcribbon-ms</Extensions>
    </Filter>
  </ItemGroup>
  <ItemGroup>
    <ClCompile Include="Coin.cpp">
      <Filter>Source Files</Filter>
    </ClCompile>
    <ClCompile Include="DeliveryChute.cpp">
      <Filter>Source Files</Filter>
    </ClCompile>
    <ClCompile Include="main_PR1.cpp">
      <Filter>Source Files</Filter>
    </ClCompile>
    <ClCompile Include="Product.cpp">
      <Filter>Source Files</Filter>
    </ClCompile>
    <ClCompile Include="ProductButton.cpp">
      <Filter>Source Files</Filter>
    </ClCompile>
    <ClCompile Include="ProductRack.cpp">
      <Filter>Source Files</Filter>
    </ClCompile>
    <ClCompile Include="StatusPanel.cpp">
      <Filter>Source Files</Filter>
    </ClCompile>
    <ClCompile Include="TestFramework_PR1.cpp">
      <Filter>Source Files</Filter>
    </ClCompile>
    <ClCompile Include="UnitTest_PR1.cpp">
      <Filter>Source Files</Filter>
    </ClCompile>
    <ClCompile Include="VendingMachine.cpp">
      <Filter>Source Files</Filter>
    </ClCompile>
    <ClCompile Include="Date_HW1.cpp">
      <Filter>Source Files</Filter>
    </ClCompile>
    <ClCompile Include="Date_HW2.cpp">
      <Filter>Source Files</Filter>
    </ClCompile>
    <ClCompile Include="SavingsAccount.cpp">
      <Filter>Source Files</Filter>
    </ClCompile>
    <ClCompile Include="HW3.cpp">
      <Filter>Source Files</Filter>
    </ClCompile>
    <ClCompile Include="Complex.cpp">
      <Filter>Source Files</Filter>
    </ClCompile>
    <ClCompile Include="HW4.cpp">
      <Filter>Source Files</Filter>
    </ClCompile>
    <ClCompile Include="Shapes.cpp">
      <Filter>Source Files</Filter>
    </ClCompile>
    <ClCompile Include="HW5.cpp">
      <Filter>Source Files</Filter>
    </ClCompile>
    <ClCompile Include="HW6.cpp">
      <Filter>Source Files</Filter>
    </ClCompile>
    <ClCompile Include="StringUtility.cpp">
      <Filter>Source Files</Filter>
    </ClCompile>
    <ClCompile Include="HW7.cpp">
      <Filter>Source Files</Filter>
    </ClCompile>
    <ClCompile Include="HW8.cpp">
      <Filter>Source Files</Filter>
    </ClCompile>
    <ClCompile Include="Person.cpp">
      <Filter>Source Files</Filter>
    </ClCompile>
    <ClCompile Include="PR2\AngularSensor.cpp">
      <Filter>Source Files</Filter>
    </ClCompile>
    <ClCompile Include="PR2\ConstantSignal.cpp">
      <Filter>Source Files</Filter>
    </ClCompile>
    <ClCompile Include="PR2\DataRecorder.cpp">
      <Filter>Source Files</Filter>
    </ClCompile>
    <ClCompile Include="PR2\main.cpp">
      <Filter>Source Files</Filter>
    </ClCompile>
    <ClCompile Include="PR2\MonitoringSystem.cpp">
      <Filter>Source Files</Filter>
    </ClCompile>
    <ClCompile Include="PR2\PeriodicSignal.cpp">
      <Filter>Source Files</Filter>
    </ClCompile>
    <ClCompile Include="PR2\PressureSensor.cpp">
      <Filter>Source Files</Filter>
    </ClCompile>
    <ClCompile Include="PR2\SawtoothSignal.cpp">
      <Filter>Source Files</Filter>
    </ClCompile>
    <ClCompile Include="PR2\Sensor.cpp">
      <Filter>Source Files</Filter>
    </ClCompile>
    <ClCompile Include="PR2\Signal.cpp">
      <Filter>Source Files</Filter>
    </ClCompile>
    <ClCompile Include="PR2\SineSignal.cpp">
      <Filter>Source Files</Filter>
    </ClCompile>
    <ClCompile Include="PR2\TemperatureSensor.cpp">
      <Filter>Source Files</Filter>
    </ClCompile>
    <ClCompile Include="PR2\TestFramework.cpp">
      <Filter>Source Files</Filter>
    </ClCompile>
    <ClCompile Include="PR2\Time.cpp">
      <Filter>Source Files</Filter>
    </ClCompile>
    <ClCompile Include="PR2\UnitTest.cpp">
      <Filter>Source Files</Filter>
    </ClCompile>
    <ClCompile Include="PR2\VibrationSensor.cpp">
      <Filter>Source Files</Filter>
    </ClCompile>
  </ItemGroup>
  <ItemGroup>
    <ClInclude Include="Coin.h">
      <Filter>Source Files</Filter>
    </ClInclude>
    <ClInclude Include="DeliveryChute.h">
      <Filter>Source Files</Filter>
    </ClInclude>
    <ClInclude Include="Product.h">
      <Filter>Source Files</Filter>
    </ClInclude>
    <ClInclude Include="ProductButton.h">
      <Filter>Source Files</Filter>
    </ClInclude>
    <ClInclude Include="ProductRack.h">
      <Filter>Source Files</Filter>
    </ClInclude>
    <ClInclude Include="StatusPanel.h">
      <Filter>Source Files</Filter>
    </ClInclude>
    <ClInclude Include="TestFramework_PR1.h">
      <Filter>Source Files</Filter>
    </ClInclude>
    <ClInclude Include="UnitTest_PR1.h">
      <Filter>Source Files</Filter>
    </ClInclude>
    <ClInclude Include="VendingMachine.h">
      <Filter>Source Files</Filter>
    </ClInclude>
    <ClInclude Include="Date_HW2.h">
      <Filter>Source Files</Filter>
    </ClInclude>
    <ClInclude Include="SavingsAccount.h">
      <Filter>Source Files</Filter>
    </ClInclude>
    <ClInclude Include="Complex.h">
      <Filter>Source Files</Filter>
    </ClInclude>
    <ClInclude Include="Shapes.h">
      <Filter>Source Files</Filter>
    </ClInclude>
    <ClInclude Include="Array.h">
      <Filter>Source Files</Filter>
    </ClInclude>
    <ClInclude Include="StringUtility.h">
      <Filter>Source Files</Filter>
    </ClInclude>
    <ClInclude Include="Person.h">
      <Filter>Source Files</Filter>
    </ClInclude>
    <ClInclude Include="PR2\AngularSensor.h">
      <Filter>Source Files</Filter>
    </ClInclude>
    <ClInclude Include="PR2\ConstantSignal.h">
      <Filter>Source Files</Filter>
    </ClInclude>
    <ClInclude Include="PR2\DataRecorder.h">
      <Filter>Source Files</Filter>
    </ClInclude>
    <ClInclude Include="PR2\MonitoringSystem.h">
      <Filter>Source Files</Filter>
    </ClInclude>
    <ClInclude Include="PR2\PeriodicSignal.h">
      <Filter>Source Files</Filter>
    </ClInclude>
    <ClInclude Include="PR2\PressureSensor.h">
      <Filter>Source Files</Filter>
    </ClInclude>
    <ClInclude Include="PR2\SawtoothSignal.h">
      <Filter>Source Files</Filter>
    </ClInclude>
    <ClInclude Include="PR2\Sensor.h">
      <Filter>Source Files</Filter>
    </ClInclude>
    <ClInclude Include="PR2\Signal.h">
      <Filter>Source Files</Filter>
    </ClInclude>
    <ClInclude Include="PR2\SineSignal.h">
      <Filter>Source Files</Filter>
    </ClInclude>
    <ClInclude Include="PR2\TemperatureSensor.h">
      <Filter>Source Files</Filter>
    </ClInclude>
    <ClInclude Include="PR2\TestFramework.h">
      <Filter>Source Files</Filter>
    </ClInclude>
    <ClInclude Include="PR2\Time.h">
      <Filter>Source Files</Filter>
    </ClInclude>
    <ClInclude Include="PR2\UnitTest.h">
      <Filter>Source Files</Filter>
    </ClInclude>
    <ClInclude Include="PR2\VibrationSensor.h">
      <Filter>Source Files</Filter>
    </ClInclude>
  </ItemGroup>
</Project>