
Microsoft Visual Studio Solution File, Format Version 12.00
# Visual Studio Version 17
VisualStudioVersion = 17.6.33723.286
MinimumVisualStudioVersion = 10.0.40219.1
Project("{8BC9CEB8-8B4A-11D0-8D11-00A0C91BC942}") = "C-I-C-Programming-III", "C-I-C-Programming-III.vcxproj", "{7B6C3B8B-A4FF-4674-A018-2879F8873776}"
EndProject
Global
	GlobalSection(SolutionConfigurationPlatforms) = preSolution
		Debug|x64 = Debug|x64
		Debug|x86 = Debug|x86
		Release|x64 = Release|x64
		Release|x86 = Release|x86
	EndGlobalSection
	GlobalSection(ProjectConfigurationPlatforms) = postSolution
		{7B6C3B8B-A4FF-4674-A018-2879F8873776}.Debug|x64.ActiveCfg = Debug|x64
		{7B6C3B8B-A4FF-4674-A018-2879F8873776}.Debug|x64.Build.0 = Debug|x64
		{7B6C3B8B-A4FF-4674-A018-2879F8873776}.Debug|x86.ActiveCfg = Debug|Win32
		{7B6C3B8B-A4FF-4674-A018-2879F8873776}.Debug|x86.Build.0 = Debug|Win32
		{7B6C3B8B-A4FF-4674-A018-2879F8873776}.Release|x64.ActiveCfg = Release|x64
		{7B6C3B8B-A4FF-4674-A018-2879F8873776}.Release|x64.Build.0 = Release|x64
		{7B6C3B8B-A4FF-4674-A018-2879F8873776}.Release|x86.ActiveCfg = Release|Win32
		{7B6C3B8B-A4FF-4674-A018-2879F8873776}.Release|x86.Build.0 = Release|Win32
	EndGlobalSection
	GlobalSection(SolutionProperties) = preSolution
		HideSolutionNode = FALSE
	EndGlobalSection
	GlobalSection(ExtensibilityGlobals) = postSolution
		SolutionGuid = {D6674F7D-6437-44BB-84BE-22B9096B18B3}
	EndGlobalSection
EndGlobal
